
Microsoft Visual Studio Solution File, Format Version 12.00
# Visual Studio 15
VisualStudioVersion = 15.0.26430.6
MinimumVisualStudioVersion = 10.0.40219.1
Project("{2150E333-8FDC-42A3-9474-1A3956D46DE8}") = "Docs", "Docs", "{DDD15769-B387-4287-A293-1ED66CC5F5D3}"
EndProject
Project("{2150E333-8FDC-42A3-9474-1A3956D46DE8}") = "DB", "DB", "{980B8994-3EEB-4CCF-8A5E-93BB7743F74F}"
EndProject
Project("{2150E333-8FDC-42A3-9474-1A3956D46DE8}") = "DLL", "DLL", "{7C59548B-CA12-4CFD-9518-E5A6A72D7B45}"
EndProject
Project("{2150E333-8FDC-42A3-9474-1A3956D46DE8}") = "数据字典", "数据字典", "{0A202F40-7BC2-4E33-BCB5-4BC2CCB34B0E}"
EndProject
Project("{2150E333-8FDC-42A3-9474-1A3956D46DE8}") = "文档", "文档", "{A56520B8-B38C-4305-8214-4D17BE6B8B4B}"
EndProject
Project("{FAE04EC0-301F-11D3-BF4B-00C04F79EFBC}") = "BLL", "BLL\BLL.csproj", "{462E2084-931C-4C7B-AE50-FF2FC5777486}"
EndProject
Project("{FAE04EC0-301F-11D3-BF4B-00C04F79EFBC}") = "Common", "Common\Common.csproj", "{08CFDA0F-A16A-4697-A721-FD30197FAFFA}"
EndProject
Project("{FAE04EC0-301F-11D3-BF4B-00C04F79EFBC}") = "DAL", "DAL\DAL.csproj", "{6F34A5E2-957F-4668-95DB-E7F7327DF057}"
EndProject
Project("{FAE04EC0-301F-11D3-BF4B-00C04F79EFBC}") = "Model", "Model\Model.csproj", "{B17A7935-45E2-45A8-99B7-3F0DC107B7AF}"
EndProject
Project("{FAE04EC0-301F-11D3-BF4B-00C04F79EFBC}") = "API", "API\API.csproj", "{2BEF108C-CC4E-4AF6-8822-F5AAC370F891}"
EndProject
Project("{FAE04EC0-301F-11D3-BF4B-00C04F79EFBC}") = "KuanPT_NF", "KuanPT_NF\KuanPT_NF.csproj", "{031B5680-138C-49C6-8355-7B97BE369C7F}"
EndProject
Global
	GlobalSection(SolutionConfigurationPlatforms) = preSolution
		Debug|Any CPU = Debug|Any CPU
		Release|Any CPU = Release|Any CPU
	EndGlobalSection
	GlobalSection(ProjectConfigurationPlatforms) = postSolution
		{462E2084-931C-4C7B-AE50-FF2FC5777486}.Debug|Any CPU.ActiveCfg = Debug|Any CPU
		{462E2084-931C-4C7B-AE50-FF2FC5777486}.Debug|Any CPU.Build.0 = Debug|Any CPU
		{462E2084-931C-4C7B-AE50-FF2FC5777486}.Release|Any CPU.ActiveCfg = Release|Any CPU
		{462E2084-931C-4C7B-AE50-FF2FC5777486}.Release|Any CPU.Build.0 = Release|Any CPU
		{08CFDA0F-A16A-4697-A721-FD30197FAFFA}.Debug|Any CPU.ActiveCfg = Debug|Any CPU
		{08CFDA0F-A16A-4697-A721-FD30197FAFFA}.Debug|Any CPU.Build.0 = Debug|Any CPU
		{08CFDA0F-A16A-4697-A721-FD30197FAFFA}.Release|Any CPU.ActiveCfg = Release|Any CPU
		{08CFDA0F-A16A-4697-A721-FD30197FAFFA}.Release|Any CPU.Build.0 = Release|Any CPU
		{6F34A5E2-957F-4668-95DB-E7F7327DF057}.Debug|Any CPU.ActiveCfg = Debug|Any CPU
		{6F34A5E2-957F-4668-95DB-E7F7327DF057}.Debug|Any CPU.Build.0 = Debug|Any CPU
		{6F34A5E2-957F-4668-95DB-E7F7327DF057}.Release|Any CPU.ActiveCfg = Release|Any CPU
		{6F34A5E2-957F-4668-95DB-E7F7327DF057}.Release|Any CPU.Build.0 = Release|Any CPU
		{B17A7935-45E2-45A8-99B7-3F0DC107B7AF}.Debug|Any CPU.ActiveCfg = Debug|Any CPU
		{B17A7935-45E2-45A8-99B7-3F0DC107B7AF}.Debug|Any CPU.Build.0 = Debug|Any CPU
		{B17A7935-45E2-45A8-99B7-3F0DC107B7AF}.Release|Any CPU.ActiveCfg = Release|Any CPU
		{B17A7935-45E2-45A8-99B7-3F0DC107B7AF}.Release|Any CPU.Build.0 = Release|Any CPU
		{2BEF108C-CC4E-4AF6-8822-F5AAC370F891}.Debug|Any CPU.ActiveCfg = Debug|Any CPU
		{2BEF108C-CC4E-4AF6-8822-F5AAC370F891}.Debug|Any CPU.Build.0 = Debug|Any CPU
		{2BEF108C-CC4E-4AF6-8822-F5AAC370F891}.Release|Any CPU.ActiveCfg = Release|Any CPU
		{2BEF108C-CC4E-4AF6-8822-F5AAC370F891}.Release|Any CPU.Build.0 = Release|Any CPU
		{031B5680-138C-49C6-8355-7B97BE369C7F}.Debug|Any CPU.ActiveCfg = Debug|Any CPU
		{031B5680-138C-49C6-8355-7B97BE369C7F}.Debug|Any CPU.Build.0 = Debug|Any CPU
		{031B5680-138C-49C6-8355-7B97BE369C7F}.Release|Any CPU.ActiveCfg = Release|Any CPU
		{031B5680-138C-49C6-8355-7B97BE369C7F}.Release|Any CPU.Build.0 = Release|Any CPU
	EndGlobalSection
	GlobalSection(SolutionProperties) = preSolution
		HideSolutionNode = FALSE
	EndGlobalSection
	GlobalSection(NestedProjects) = preSolution
		{980B8994-3EEB-4CCF-8A5E-93BB7743F74F} = {DDD15769-B387-4287-A293-1ED66CC5F5D3}
		{7C59548B-CA12-4CFD-9518-E5A6A72D7B45} = {DDD15769-B387-4287-A293-1ED66CC5F5D3}
		{0A202F40-7BC2-4E33-BCB5-4BC2CCB34B0E} = {DDD15769-B387-4287-A293-1ED66CC5F5D3}
		{A56520B8-B38C-4305-8214-4D17BE6B8B4B} = {DDD15769-B387-4287-A293-1ED66CC5F5D3}
	EndGlobalSection
EndGlobal
